
Microsoft Visual Studio Solution File, Format Version 12.00
# Visual Studio 15
VisualStudioVersion = 15.0.27703.1
MinimumVisualStudioVersion = 10.0.40219.1
Project("{9A19103F-16F7-4668-BE54-9A1E7A4F7556}") = "TicTacToe.Core", "TicTacToe\TicTacToe.Core.csproj", "{211D5146-49BE-41EE-9C9F-997CCA5C1E37}"
EndProject
Project("{9A19103F-16F7-4668-BE54-9A1E7A4F7556}") = "TicTacToe.Program", "TicTacToe.Program\TicTacToe.Program.csproj", "{7184939C-8C3E-431D-90F2-2F12635B2470}"
EndProject
Project("{9A19103F-16F7-4668-BE54-9A1E7A4F7556}") = "TicTacToe.UnitTests", "TicTacToe.UnitTests\TicTacToe.UnitTests.csproj", "{E482F9D5-5156-478C-9C63-5FDD7CF1BA60}"
EndProject
Global
	GlobalSection(SolutionConfigurationPlatforms) = preSolution
		Debug|Any CPU = Debug|Any CPU
		Release|Any CPU = Release|Any CPU
	EndGlobalSection
	GlobalSection(ProjectConfigurationPlatforms) = postSolution
		{211D5146-49BE-41EE-9C9F-997CCA5C1E37}.Debug|Any CPU.ActiveCfg = Debug|Any CPU
		{211D5146-49BE-41EE-9C9F-997CCA5C1E37}.Debug|Any CPU.Build.0 = Debug|Any CPU
		{211D5146-49BE-41EE-9C9F-997CCA5C1E37}.Release|Any CPU.ActiveCfg = Release|Any CPU
		{211D5146-49BE-41EE-9C9F-997CCA5C1E37}.Release|Any CPU.Build.0 = Release|Any CPU
		{7184939C-8C3E-431D-90F2-2F12635B2470}.Debug|Any CPU.ActiveCfg = Debug|Any CPU
		{7184939C-8C3E-431D-90F2-2F12635B2470}.Debug|Any CPU.Build.0 = Debug|Any CPU
		{7184939C-8C3E-431D-90F2-2F12635B2470}.Release|Any CPU.ActiveCfg = Release|Any CPU
		{7184939C-8C3E-431D-90F2-2F12635B2470}.Release|Any CPU.Build.0 = Release|Any CPU
		{E482F9D5-5156-478C-9C63-5FDD7CF1BA60}.Debug|Any CPU.ActiveCfg = Debug|Any CPU
		{E482F9D5-5156-478C-9C63-5FDD7CF1BA60}.Debug|Any CPU.Build.0 = Debug|Any CPU
		{E482F9D5-5156-478C-9C63-5FDD7CF1BA60}.Release|Any CPU.ActiveCfg = Release|Any CPU
		{E482F9D5-5156-478C-9C63-5FDD7CF1BA60}.Release|Any CPU.Build.0 = Release|Any CPU
	EndGlobalSection
	GlobalSection(SolutionProperties) = preSolution
		HideSolutionNode = FALSE
	EndGlobalSection
	GlobalSection(ExtensibilityGlobals) = postSolution
		SolutionGuid = {A74B8D26-68E0-4B3F-A802-8D3BB4A33B63}
	EndGlobalSection
EndGlobal
